slug	version	filename	sha512	url
c2me-fabric	0.4.2-alpha.0.88+26.3	c2me-fabric-mc26.3-0.4.2-alpha.0.88.jar	bb741d118c88ea6d9577fed1affacc1f1f0a7b725a619ee933437cc5e403c8f1474a708ab9bd402d154efde3ce66ef4d83ed950c0cf4f7dc656e525837239226	https://cdn.modrinth.com/data/VSNURh3q/versions/sSoXjAqP/c2me-fabric-mc26.3-0.4.2-alpha.0.88.jar
chunky	1.5.3	Chunky-Fabric-1.5.3.jar	b83bfe7b218d0aa6232af977ae741dc1f82b10e50cd12bb759f65cf416b8b62beccb543e587ef0b9670abe03815660f8e091bc6823624d65cf07300571573516	https://cdn.modrinth.com/data/fALzjamp/versions/4Eotm6ov/Chunky-Fabric-1.5.3.jar
fabric-api	0.161.0+26.3	fabric-api-0.161.0+26.3.jar	ed6b2586d6fde11fde8472f5a527c51e99b67026e46f94d4bfd85e7e28ce5ee299173ee16ad576ceb51f39f98d30a811086a6deb1a86a524859cc16e12da109d	https://cdn.modrinth.com/data/P7dR8mSH/versions/bNnaTiuM/fabric-api-0.161.0%2B26.3.jar
ferrite-core	9.0.0-fabric	ferritecore-9.0.0-fabric.jar	d81fa97e11784c19d42f89c2f433831d007603dd7193cee45fa177e4a6a9c52b384b198586e04a0f7f63cd996fed713322578bde9a8db57e1188854ae5cbe584	https://cdn.modrinth.com/data/uXXizFIs/versions/d5ddUdiB/ferritecore-9.0.0-fabric.jar
lithium	mc26.3-0.26.1-fabric	lithium-fabric-0.26.1+mc26.3.jar	acbb9b037a203f005e03a20bf1d9866019384abb5ad27664808a12b919639a2501ecb52f8f0d77d27e1409935b0dbdbb70e01ac466480c0ae421ee403f649c59	https://cdn.modrinth.com/data/gvQqBUqZ/versions/WXHRsMRl/lithium-fabric-0.26.1%2Bmc26.3.jar
scalablelux	0.3.0-alpha.0.6+26.3	ScalableLux-fabric-mc26.3-0.3.0-alpha.0.6-all.jar	ded5a939fb20ab81c1f33b147ca9b98050773dbb28dff16df939c7d567b626809522994ec8dbfb99e7f498dc6a4e62f25e141a87d18efb43f73fc5ad1569ccc9	https://cdn.modrinth.com/data/Ps1zyz6x/versions/g4eqNSKd/ScalableLux-fabric-mc26.3-0.3.0-alpha.0.6-all.jar
spark	1.10.187-fabric	spark-1.10.187-fabric.jar	c74bf5d5a16b2445ec6ea717eac756412b272a8015e91f91a7bf5a27e6f2f99c4a11878d434510f941f37b0344b3a7d1ba0dd6c34e80642762c48fb6e9a93894	https://cdn.modrinth.com/data/l6YH9Als/versions/e3hsPc1o/spark-1.10.187-fabric.jar
